
Microsoft Visual Studio Solution File, Format Version 12.00
# Visual Studio 15
VisualStudioVersion = 15.0.28010.2036
MinimumVisualStudioVersion = 10.0.40219.1
Project("{FAE04EC0-301F-11D3-BF4B-00C04F79EFBC}") = "ShuntingYard", "ShuntingYard\ShuntingYard.csproj", "{CC26BC3D-A5B1-40FE-B97C-E82B8B84D53A}"
EndProject
Project("{FAE04EC0-301F-11D3-BF4B-00C04F79EFBC}") = "UnitTestProject1", "UnitTestProject1\UnitTestProject1.csproj", "{3D1C7B07-24B7-46E0-84E1-67AFAF549AF8}"
EndProject
Project("{FAE04EC0-301F-11D3-BF4B-00C04F79EFBC}") = "Shunting_Yard.lib", "Shunting_Yard.lib\Shunting_Yard.lib.csproj", "{172F5ADA-5739-4F88-A7FB-7E2E817DAFE3}"
EndProject
Global
	GlobalSection(SolutionConfigurationPlatforms) = preSolution
		Debug|Any CPU = Debug|Any CPU
		Release|Any CPU = Release|Any CPU
	EndGlobalSection
	GlobalSection(ProjectConfigurationPlatforms) = postSolution
		{CC26BC3D-A5B1-40FE-B97C-E82B8B84D53A}.Debug|Any CPU.ActiveCfg = Debug|Any CPU
		{CC26BC3D-A5B1-40FE-B97C-E82B8B84D53A}.Debug|Any CPU.Build.0 = Debug|Any CPU
		{CC26BC3D-A5B1-40FE-B97C-E82B8B84D53A}.Release|Any CPU.ActiveCfg = Release|Any CPU
		{CC26BC3D-A5B1-40FE-B97C-E82B8B84D53A}.Release|Any CPU.Build.0 = Release|Any CPU
		{3D1C7B07-24B7-46E0-84E1-67AFAF549AF8}.Debug|Any CPU.ActiveCfg = Debug|Any CPU
		{3D1C7B07-24B7-46E0-84E1-67AFAF549AF8}.Debug|Any CPU.Build.0 = Debug|Any CPU
		{3D1C7B07-24B7-46E0-84E1-67AFAF549AF8}.Release|Any CPU.ActiveCfg = Release|Any CPU
		{3D1C7B07-24B7-46E0-84E1-67AFAF549AF8}.Release|Any CPU.Build.0 = Release|Any CPU
		{172F5ADA-5739-4F88-A7FB-7E2E817DAFE3}.Debug|Any CPU.ActiveCfg = Debug|Any CPU
		{172F5ADA-5739-4F88-A7FB-7E2E817DAFE3}.Debug|Any CPU.Build.0 = Debug|Any CPU
		{172F5ADA-5739-4F88-A7FB-7E2E817DAFE3}.Release|Any CPU.ActiveCfg = Release|Any CPU
		{172F5ADA-5739-4F88-A7FB-7E2E817DAFE3}.Release|Any CPU.Build.0 = Release|Any CPU
	EndGlobalSection
	GlobalSection(SolutionProperties) = preSolution
		HideSolutionNode = FALSE
	EndGlobalSection
	GlobalSection(ExtensibilityGlobals) = postSolution
		SolutionGuid = {136CF734-79F2-47E1-BF39-5899DEC12B50}
	EndGlobalSection
EndGlobal
